
Microsoft Visual Studio Solution File, Format Version 12.00
# Visual Studio 15
VisualStudioVersion = 15.0.28307.1169
MinimumVisualStudioVersion = 10.0.40219.1
Project("{FAE04EC0-301F-11D3-BF4B-00C04F79EFBC}") = "OnlineSupportNetwork", "OnlineSupportNetwork\OnlineSupportNetwork.csproj", "{B353A6DE-B972-4A56-AEF5-55E65620708B}"
EndProject
Global
	GlobalSection(SolutionConfigurationPlatforms) = preSolution
		Debug|Any CPU = Debug|Any CPU
		Release|Any CPU = Release|Any CPU
	EndGlobalSection
	GlobalSection(ProjectConfigurationPlatforms) = postSolution
		{B353A6DE-B972-4A56-AEF5-55E65620708B}.Debug|Any CPU.ActiveCfg = Debug|Any CPU
		{B353A6DE-B972-4A56-AEF5-55E65620708B}.Debug|Any CPU.Build.0 = Debug|Any CPU
		{B353A6DE-B972-4A56-AEF5-55E65620708B}.Release|Any CPU.ActiveCfg = Release|Any CPU
		{B353A6DE-B972-4A56-AEF5-55E65620708B}.Release|Any CPU.Build.0 = Release|Any CPU
	EndGlobalSection
	GlobalSection(SolutionProperties) = preSolution
		HideSolutionNode = FALSE
	EndGlobalSection
	GlobalSection(ExtensibilityGlobals) = postSolution
		SolutionGuid = {322899A2-1131-42AD-ADBB-3D1A3C456779}
	EndGlobalSection
EndGlobal
